
Microsoft Visual Studio Solution File, Format Version 12.00
# Visual Studio Version 17
VisualStudioVersion = 17.13.35913.81 d17.13
MinimumVisualStudioVersion = 10.0.40219.1
Project("{FAE04EC0-301F-11D3-BF4B-00C04F79EFBC}") = "SimpleHelloWorld", "SimpleHelloWorld\SimpleHelloWorld.csproj", "{46DED0F5-6D8E-43B4-ADF7-304A72F7D4BD}"
EndProject
Global
	GlobalSection(SolutionConfigurationPlatforms) = preSolution
		Debug|Any CPU = Debug|Any CPU
		Release|Any CPU = Release|Any CPU
	EndGlobalSection
	GlobalSection(ProjectConfigurationPlatforms) = postSolution
		{46DED0F5-6D8E-43B4-ADF7-304A72F7D4BD}.Debug|Any CPU.ActiveCfg = Debug|Any CPU
		{46DED0F5-6D8E-43B4-ADF7-304A72F7D4BD}.Debug|Any CPU.Build.0 = Debug|Any CPU
		{46DED0F5-6D8E-43B4-ADF7-304A72F7D4BD}.Release|Any CPU.ActiveCfg = Release|Any CPU
		{46DED0F5-6D8E-43B4-ADF7-304A72F7D4BD}.Release|Any CPU.Build.0 = Release|Any CPU
	EndGlobalSection
	GlobalSection(SolutionProperties) = preSolution
		HideSolutionNode = FALSE
	EndGlobalSection
	GlobalSection(ExtensibilityGlobals) = postSolution
		SolutionGuid = {73BAF779-CCCF-4D4F-A67B-83C40699ACD6}
	EndGlobalSection
EndGlobal
